
Microsoft Visual Studio Solution File, Format Version 12.00
# Visual Studio Version 17
VisualStudioVersion = 17.0.31903.59
MinimumVisualStudioVersion = 10.0.40219.1
Project("{2150E333-8FDC-42A3-9474-1A3956D46DE8}") = "src", "src", "{622766A7-73D6-41EC-B79A-D9BE995A5550}"
EndProject
Project("{FAE04EC0-301F-11D3-BF4B-00C04F79EFBC}") = "AuctionService", "src\AuctionService\AuctionService.csproj", "{A1280DCE-8B95-4FED-AD92-E5FF69273169}"
EndProject
Project("{FAE04EC0-301F-11D3-BF4B-00C04F79EFBC}") = "SearchService", "src\SearchService\SearchService.csproj", "{C57EA404-E472-4801-975C-A5DC8102AA20}"
EndProject
Project("{FAE04EC0-301F-11D3-BF4B-00C04F79EFBC}") = "Contracts", "src\Contracts\Contracts.csproj", "{965175A4-0BF7-4C38-85DC-8DBDA105680D}"
EndProject
Global
	GlobalSection(SolutionConfigurationPlatforms) = preSolution
		Debug|Any CPU = Debug|Any CPU
		Release|Any CPU = Release|Any CPU
	EndGlobalSection
	GlobalSection(SolutionProperties) = preSolution
		HideSolutionNode = FALSE
	EndGlobalSection
	GlobalSection(ProjectConfigurationPlatforms) = postSolution
		{A1280DCE-8B95-4FED-AD92-E5FF69273169}.Debug|Any CPU.ActiveCfg = Debug|Any CPU
		{A1280DCE-8B95-4FED-AD92-E5FF69273169}.Debug|Any CPU.Build.0 = Debug|Any CPU
		{A1280DCE-8B95-4FED-AD92-E5FF69273169}.Release|Any CPU.ActiveCfg = Release|Any CPU
		{A1280DCE-8B95-4FED-AD92-E5FF69273169}.Release|Any CPU.Build.0 = Release|Any CPU
		{C57EA404-E472-4801-975C-A5DC8102AA20}.Debug|Any CPU.ActiveCfg = Debug|Any CPU
		{C57EA404-E472-4801-975C-A5DC8102AA20}.Debug|Any CPU.Build.0 = Debug|Any CPU
		{C57EA404-E472-4801-975C-A5DC8102AA20}.Release|Any CPU.ActiveCfg = Release|Any CPU
		{C57EA404-E472-4801-975C-A5DC8102AA20}.Release|Any CPU.Build.0 = Release|Any CPU
		{965175A4-0BF7-4C38-85DC-8DBDA105680D}.Debug|Any CPU.ActiveCfg = Debug|Any CPU
		{965175A4-0BF7-4C38-85DC-8DBDA105680D}.Debug|Any CPU.Build.0 = Debug|Any CPU
		{965175A4-0BF7-4C38-85DC-8DBDA105680D}.Release|Any CPU.ActiveCfg = Release|Any CPU
		{965175A4-0BF7-4C38-85DC-8DBDA105680D}.Release|Any CPU.Build.0 = Release|Any CPU
	EndGlobalSection
	GlobalSection(NestedProjects) = preSolution
		{A1280DCE-8B95-4FED-AD92-E5FF69273169} = {622766A7-73D6-41EC-B79A-D9BE995A5550}
		{C57EA404-E472-4801-975C-A5DC8102AA20} = {622766A7-73D6-41EC-B79A-D9BE995A5550}
		{965175A4-0BF7-4C38-85DC-8DBDA105680D} = {622766A7-73D6-41EC-B79A-D9BE995A5550}
	EndGlobalSection
EndGlobal
